
Microsoft Visual Studio Solution File, Format Version 12.00
# Visual Studio Version 17
VisualStudioVersion = 17.12.35527.113
MinimumVisualStudioVersion = 10.0.40219.1
Project("{FAE04EC0-301F-11D3-BF4B-00C04F79EFBC}") = "Grocery.App", "Grocery.App\Grocery.App.csproj", "{BB96F095-B3FF-46BB-A067-8FDF691850B3}"
EndProject
Project("{FAE04EC0-301F-11D3-BF4B-00C04F79EFBC}") = "Grocery.Core", "Grocery.Core\Grocery.Core.csproj", "{0F0FA67F-8658-4184-8C26-3F0E31E4778A}"
EndProject
Project("{FAE04EC0-301F-11D3-BF4B-00C04F79EFBC}") = "Grocery.Core.Data", "Grocery.Core.Data\Grocery.Core.Data.csproj", "{BB53C5AE-ACA5-4A8F-AA87-86CF994A028D}"
EndProject
Project("{FAE04EC0-301F-11D3-BF4B-00C04F79EFBC}") = "TestCore", "TestCore\TestCore.csproj", "{6E18F248-5116-46A0-8CAD-8009696163C2}"
EndProject
Global
	GlobalSection(SolutionConfigurationPlatforms) = preSolution
		Debug|Any CPU = Debug|Any CPU
		Release|Any CPU = Release|Any CPU
	EndGlobalSection
	GlobalSection(ProjectConfigurationPlatforms) = postSolution
		{BB96F095-B3FF-46BB-A067-8FDF691850B3}.Debug|Any CPU.ActiveCfg = Debug|Any CPU
		{BB96F095-B3FF-46BB-A067-8FDF691850B3}.Debug|Any CPU.Build.0 = Debug|Any CPU
		{BB96F095-B3FF-46BB-A067-8FDF691850B3}.Debug|Any CPU.Deploy.0 = Debug|Any CPU
		{BB96F095-B3FF-46BB-A067-8FDF691850B3}.Release|Any CPU.ActiveCfg = Release|Any CPU
		{BB96F095-B3FF-46BB-A067-8FDF691850B3}.Release|Any CPU.Build.0 = Release|Any CPU
		{BB96F095-B3FF-46BB-A067-8FDF691850B3}.Release|Any CPU.Deploy.0 = Release|Any CPU
		{0F0FA67F-8658-4184-8C26-3F0E31E4778A}.Debug|Any CPU.ActiveCfg = Debug|Any CPU
		{0F0FA67F-8658-4184-8C26-3F0E31E4778A}.Debug|Any CPU.Build.0 = Debug|Any CPU
		{0F0FA67F-8658-4184-8C26-3F0E31E4778A}.Release|Any CPU.ActiveCfg = Release|Any CPU
		{0F0FA67F-8658-4184-8C26-3F0E31E4778A}.Release|Any CPU.Build.0 = Release|Any CPU
		{BB53C5AE-ACA5-4A8F-AA87-86CF994A028D}.Debug|Any CPU.ActiveCfg = Debug|Any CPU
		{BB53C5AE-ACA5-4A8F-AA87-86CF994A028D}.Debug|Any CPU.Build.0 = Debug|Any CPU
		{BB53C5AE-ACA5-4A8F-AA87-86CF994A028D}.Release|Any CPU.ActiveCfg = Release|Any CPU
		{BB53C5AE-ACA5-4A8F-AA87-86CF994A028D}.Release|Any CPU.Build.0 = Release|Any CPU
		{6E18F248-5116-46A0-8CAD-8009696163C2}.Debug|Any CPU.ActiveCfg = Debug|Any CPU
		{6E18F248-5116-46A0-8CAD-8009696163C2}.Debug|Any CPU.Build.0 = Debug|Any CPU
		{6E18F248-5116-46A0-8CAD-8009696163C2}.Release|Any CPU.ActiveCfg = Release|Any CPU
		{6E18F248-5116-46A0-8CAD-8009696163C2}.Release|Any CPU.Build.0 = Release|Any CPU
	EndGlobalSection
	GlobalSection(SolutionProperties) = preSolution
		HideSolutionNode = FALSE
	EndGlobalSection
EndGlobal
